
Microsoft Visual Studio Solution File, Format Version 12.00
# Visual Studio Version 17
VisualStudioVersion = 17.0.31903.59
MinimumVisualStudioVersion = 10.0.40219.1
Project("{2150E333-8FDC-42A3-9474-1A3956D46DE8}") = "src", "src", "{487F7FEF-39B2-4191-93E9-3E99A7D66761}"
EndProject
Project("{FAE04EC0-301F-11D3-BF4B-00C04F79EFBC}") = "AniLens.Client", "src\AniLens.Client\AniLens.Client.csproj", "{98E3B687-8743-446D-B1BE-776DD63B16ED}"
EndProject
Project("{FAE04EC0-301F-11D3-BF4B-00C04F79EFBC}") = "AniLens.Server", "src\AniLens.Server\AniLens.Server.csproj", "{0218E444-4F1A-4F6E-AFFE-B565A66EBC16}"
EndProject
Project("{FAE04EC0-301F-11D3-BF4B-00C04F79EFBC}") = "AniLens.Core", "src\AniLens.Core\AniLens.Core.csproj", "{6ABD42D3-FDED-4439-8B70-F4DA339B5689}"
EndProject
Project("{FAE04EC0-301F-11D3-BF4B-00C04F79EFBC}") = "AniLens.Shared", "src\AniLens.Shared\AniLens.Shared.csproj", "{4695DD44-C981-40EF-A61C-36E5F3C44DEA}"
EndProject
Project("{2150E333-8FDC-42A3-9474-1A3956D46DE8}") = "tests", "tests", "{ECC9F9B4-9008-41CA-983C-8B9A2C8FB638}"
EndProject
Project("{FAE04EC0-301F-11D3-BF4B-00C04F79EFBC}") = "AniLens.Client.Test", "tests\AniLens.Client.Test\AniLens.Client.Test.csproj", "{6C060097-31A5-4B4A-978B-8218C9EF3D73}"
EndProject
Project("{FAE04EC0-301F-11D3-BF4B-00C04F79EFBC}") = "AniLens.Core.Test", "tests\AniLens.Core.Test\AniLens.Core.Test.csproj", "{6A691104-74FE-4672-B1B7-19CE26F6000E}"
EndProject
Project("{FAE04EC0-301F-11D3-BF4B-00C04F79EFBC}") = "AniLens.IntegrationTest", "tests\AniLens.IntegrationTest\AniLens.IntegrationTest.csproj", "{357F9C1B-7570-4B29-8B02-35AD897AD64F}"
EndProject
Project("{FAE04EC0-301F-11D3-BF4B-00C04F79EFBC}") = "AniLens.Server.Test", "tests\AniLens.Server.Test\AniLens.Server.Test.csproj", "{7E8F727A-7500-4E67-A47D-A1506AF748EA}"
EndProject
Global
	GlobalSection(SolutionConfigurationPlatforms) = preSolution
		Debug|Any CPU = Debug|Any CPU
		Release|Any CPU = Release|Any CPU
	EndGlobalSection
	GlobalSection(SolutionProperties) = preSolution
		HideSolutionNode = FALSE
	EndGlobalSection
	GlobalSection(ProjectConfigurationPlatforms) = postSolution
		{98E3B687-8743-446D-B1BE-776DD63B16ED}.Debug|Any CPU.ActiveCfg = Debug|Any CPU
		{98E3B687-8743-446D-B1BE-776DD63B16ED}.Debug|Any CPU.Build.0 = Debug|Any CPU
		{98E3B687-8743-446D-B1BE-776DD63B16ED}.Release|Any CPU.ActiveCfg = Release|Any CPU
		{98E3B687-8743-446D-B1BE-776DD63B16ED}.Release|Any CPU.Build.0 = Release|Any CPU
		{0218E444-4F1A-4F6E-AFFE-B565A66EBC16}.Debug|Any CPU.ActiveCfg = Debug|Any CPU
		{0218E444-4F1A-4F6E-AFFE-B565A66EBC16}.Debug|Any CPU.Build.0 = Debug|Any CPU
		{0218E444-4F1A-4F6E-AFFE-B565A66EBC16}.Release|Any CPU.ActiveCfg = Release|Any CPU
		{0218E444-4F1A-4F6E-AFFE-B565A66EBC16}.Release|Any CPU.Build.0 = Release|Any CPU
		{6ABD42D3-FDED-4439-8B70-F4DA339B5689}.Debug|Any CPU.ActiveCfg = Debug|Any CPU
		{6ABD42D3-FDED-4439-8B70-F4DA339B5689}.Debug|Any CPU.Build.0 = Debug|Any CPU
		{6ABD42D3-FDED-4439-8B70-F4DA339B5689}.Release|Any CPU.ActiveCfg = Release|Any CPU
		{6ABD42D3-FDED-4439-8B70-F4DA339B5689}.Release|Any CPU.Build.0 = Release|Any CPU
		{4695DD44-C981-40EF-A61C-36E5F3C44DEA}.Debug|Any CPU.ActiveCfg = Debug|Any CPU
		{4695DD44-C981-40EF-A61C-36E5F3C44DEA}.Debug|Any CPU.Build.0 = Debug|Any CPU
		{4695DD44-C981-40EF-A61C-36E5F3C44DEA}.Release|Any CPU.ActiveCfg = Release|Any CPU
		{4695DD44-C981-40EF-A61C-36E5F3C44DEA}.Release|Any CPU.Build.0 = Release|Any CPU
		{6C060097-31A5-4B4A-978B-8218C9EF3D73}.Debug|Any CPU.ActiveCfg = Debug|Any CPU
		{6C060097-31A5-4B4A-978B-8218C9EF3D73}.Debug|Any CPU.Build.0 = Debug|Any CPU
		{6C060097-31A5-4B4A-978B-8218C9EF3D73}.Release|Any CPU.ActiveCfg = Release|Any CPU
		{6C060097-31A5-4B4A-978B-8218C9EF3D73}.Release|Any CPU.Build.0 = Release|Any CPU
		{6A691104-74FE-4672-B1B7-19CE26F6000E}.Debug|Any CPU.ActiveCfg = Debug|Any CPU
		{6A691104-74FE-4672-B1B7-19CE26F6000E}.Debug|Any CPU.Build.0 = Debug|Any CPU
		{6A691104-74FE-4672-B1B7-19CE26F6000E}.Release|Any CPU.ActiveCfg = Release|Any CPU
		{6A691104-74FE-4672-B1B7-19CE26F6000E}.Release|Any CPU.Build.0 = Release|Any CPU
		{357F9C1B-7570-4B29-8B02-35AD897AD64F}.Debug|Any CPU.ActiveCfg = Debug|Any CPU
		{357F9C1B-7570-4B29-8B02-35AD897AD64F}.Debug|Any CPU.Build.0 = Debug|Any CPU
		{357F9C1B-7570-4B29-8B02-35AD897AD64F}.Release|Any CPU.ActiveCfg = Release|Any CPU
		{357F9C1B-7570-4B29-8B02-35AD897AD64F}.Release|Any CPU.Build.0 = Release|Any CPU
		{7E8F727A-7500-4E67-A47D-A1506AF748EA}.Debug|Any CPU.ActiveCfg = Debug|Any CPU
		{7E8F727A-7500-4E67-A47D-A1506AF748EA}.Debug|Any CPU.Build.0 = Debug|Any CPU
		{7E8F727A-7500-4E67-A47D-A1506AF748EA}.Release|Any CPU.ActiveCfg = Release|Any CPU
		{7E8F727A-7500-4E67-A47D-A1506AF748EA}.Release|Any CPU.Build.0 = Release|Any CPU
	EndGlobalSection
	GlobalSection(NestedProjects) = preSolution
		{98E3B687-8743-446D-B1BE-776DD63B16ED} = {487F7FEF-39B2-4191-93E9-3E99A7D66761}
		{0218E444-4F1A-4F6E-AFFE-B565A66EBC16} = {487F7FEF-39B2-4191-93E9-3E99A7D66761}
		{6ABD42D3-FDED-4439-8B70-F4DA339B5689} = {487F7FEF-39B2-4191-93E9-3E99A7D66761}
		{4695DD44-C981-40EF-A61C-36E5F3C44DEA} = {487F7FEF-39B2-4191-93E9-3E99A7D66761}
		{6C060097-31A5-4B4A-978B-8218C9EF3D73} = {ECC9F9B4-9008-41CA-983C-8B9A2C8FB638}
		{6A691104-74FE-4672-B1B7-19CE26F6000E} = {ECC9F9B4-9008-41CA-983C-8B9A2C8FB638}
		{357F9C1B-7570-4B29-8B02-35AD897AD64F} = {ECC9F9B4-9008-41CA-983C-8B9A2C8FB638}
		{7E8F727A-7500-4E67-A47D-A1506AF748EA} = {ECC9F9B4-9008-41CA-983C-8B9A2C8FB638}
	EndGlobalSection
EndGlobal
